
Microsoft Visual Studio Solution File, Format Version 12.00
Project("{FAE04EC0-301F-11D3-BF4B-00C04F79EFBC}") = "TestProject", "TestProject\TestProject.csproj", "{79C7550B-11C1-4104-B2E5-B6F0D7891135}"
EndProject
Global
	GlobalSection(SolutionConfigurationPlatforms) = preSolution
		Debug|Any CPU = Debug|Any CPU
		Release|Any CPU = Release|Any CPU
	EndGlobalSection
	GlobalSection(ProjectConfigurationPlatforms) = postSolution
		{79C7550B-11C1-4104-B2E5-B6F0D7891135}.Debug|Any CPU.ActiveCfg = Debug|Any CPU
		{79C7550B-11C1-4104-B2E5-B6F0D7891135}.Debug|Any CPU.Build.0 = Debug|Any CPU
		{79C7550B-11C1-4104-B2E5-B6F0D7891135}.Release|Any CPU.ActiveCfg = Release|Any CPU
		{79C7550B-11C1-4104-B2E5-B6F0D7891135}.Release|Any CPU.Build.0 = Release|Any CPU
	EndGlobalSection
EndGlobal
